
Microsoft Visual Studio Solution File, Format Version 12.00
# Visual Studio 15
VisualStudioVersion = 15.0.28010.2003
MinimumVisualStudioVersion = 10.0.40219.1
Project("{9A19103F-16F7-4668-BE54-9A1E7A4F7556}") = "LinkedList", "LinkedList.csproj", "{538017CD-8A49-4938-A361-5E49B5A7FE50}"
EndProject
Global
	GlobalSection(SolutionConfigurationPlatforms) = preSolution
		Debug|Any CPU = Debug|Any CPU
		Release|Any CPU = Release|Any CPU
	EndGlobalSection
	GlobalSection(ProjectConfigurationPlatforms) = postSolution
		{538017CD-8A49-4938-A361-5E49B5A7FE50}.Debug|Any CPU.ActiveCfg = Debug|Any CPU
		{538017CD-8A49-4938-A361-5E49B5A7FE50}.Debug|Any CPU.Build.0 = Debug|Any CPU
		{538017CD-8A49-4938-A361-5E49B5A7FE50}.Release|Any CPU.ActiveCfg = Release|Any CPU
		{538017CD-8A49-4938-A361-5E49B5A7FE50}.Release|Any CPU.Build.0 = Release|Any CPU
	EndGlobalSection
	GlobalSection(SolutionProperties) = preSolution
		HideSolutionNode = FALSE
	EndGlobalSection
	GlobalSection(ExtensibilityGlobals) = postSolution
		SolutionGuid = {B6D0BAEB-D146-4E7E-9815-0C2AF33F6F30}
	EndGlobalSection
EndGlobal
