
Microsoft Visual Studio Solution File, Format Version 12.00
# Visual Studio 15
VisualStudioVersion = 15.0.28010.2003
MinimumVisualStudioVersion = 10.0.40219.1
Project("{9A19103F-16F7-4668-BE54-9A1E7A4F7556}") = "Stack", "Stack.csproj", "{87B1A29B-CEB9-4359-8CD3-64260E88323D}"
EndProject
Global
	GlobalSection(SolutionConfigurationPlatforms) = preSolution
		Debug|Any CPU = Debug|Any CPU
		Release|Any CPU = Release|Any CPU
	EndGlobalSection
	GlobalSection(ProjectConfigurationPlatforms) = postSolution
		{87B1A29B-CEB9-4359-8CD3-64260E88323D}.Debug|Any CPU.ActiveCfg = Debug|Any CPU
		{87B1A29B-CEB9-4359-8CD3-64260E88323D}.Debug|Any CPU.Build.0 = Debug|Any CPU
		{87B1A29B-CEB9-4359-8CD3-64260E88323D}.Release|Any CPU.ActiveCfg = Release|Any CPU
		{87B1A29B-CEB9-4359-8CD3-64260E88323D}.Release|Any CPU.Build.0 = Release|Any CPU
	EndGlobalSection
	GlobalSection(SolutionProperties) = preSolution
		HideSolutionNode = FALSE
	EndGlobalSection
	GlobalSection(ExtensibilityGlobals) = postSolution
		SolutionGuid = {F73CE89A-4428-4995-918A-A7428F92D995}
	EndGlobalSection
EndGlobal
