
Microsoft Visual Studio Solution File, Format Version 12.00
# Visual Studio 15
VisualStudioVersion = 15.0.28010.2003
MinimumVisualStudioVersion = 10.0.40219.1
Project("{9A19103F-16F7-4668-BE54-9A1E7A4F7556}") = "Hash Table", "Hash Table.csproj", "{DE070D91-CE64-4AE2-BD8E-12ABF68E18B4}"
EndProject
Global
	GlobalSection(SolutionConfigurationPlatforms) = preSolution
		Debug|Any CPU = Debug|Any CPU
		Release|Any CPU = Release|Any CPU
	EndGlobalSection
	GlobalSection(ProjectConfigurationPlatforms) = postSolution
		{DE070D91-CE64-4AE2-BD8E-12ABF68E18B4}.Debug|Any CPU.ActiveCfg = Debug|Any CPU
		{DE070D91-CE64-4AE2-BD8E-12ABF68E18B4}.Debug|Any CPU.Build.0 = Debug|Any CPU
		{DE070D91-CE64-4AE2-BD8E-12ABF68E18B4}.Release|Any CPU.ActiveCfg = Release|Any CPU
		{DE070D91-CE64-4AE2-BD8E-12ABF68E18B4}.Release|Any CPU.Build.0 = Release|Any CPU
	EndGlobalSection
	GlobalSection(SolutionProperties) = preSolution
		HideSolutionNode = FALSE
	EndGlobalSection
	GlobalSection(ExtensibilityGlobals) = postSolution
		SolutionGuid = {1F2D2509-2BFD-49F3-A879-8C611DABCC7D}
	EndGlobalSection
EndGlobal
